
Microsoft Visual Studio Solution File, Format Version 12.00
# Visual Studio 2012
Project("{FAE04EC0-301F-11D3-BF4B-00C04F79EFBC}") = "Image_Processing_Lab", "Image_Processing_Lab\Image_Processing_Lab.csproj", "{19474587-A9C5-4511-B950-888556AC5CEE}"
EndProject
Global
	GlobalSection(SolutionConfigurationPlatforms) = preSolution
		Debug|Any CPU = Debug|Any CPU
		Debug|x64 = Debug|x64
		Release|Any CPU = Release|Any CPU
		Release|x64 = Release|x64
	EndGlobalSection
	GlobalSection(ProjectConfigurationPlatforms) = postSolution
		{19474587-A9C5-4511-B950-888556AC5CEE}.Debug|Any CPU.ActiveCfg = Debug|Any CPU
		{19474587-A9C5-4511-B950-888556AC5CEE}.Debug|Any CPU.Build.0 = Debug|Any CPU
		{19474587-A9C5-4511-B950-888556AC5CEE}.Debug|x64.ActiveCfg = Debug|x64
		{19474587-A9C5-4511-B950-888556AC5CEE}.Debug|x64.Build.0 = Debug|x64
		{19474587-A9C5-4511-B950-888556AC5CEE}.Release|Any CPU.ActiveCfg = Release|Any CPU
		{19474587-A9C5-4511-B950-888556AC5CEE}.Release|Any CPU.Build.0 = Release|Any CPU
		{19474587-A9C5-4511-B950-888556AC5CEE}.Release|x64.ActiveCfg = Release|x64
		{19474587-A9C5-4511-B950-888556AC5CEE}.Release|x64.Build.0 = Release|x64
	EndGlobalSection
	GlobalSection(SolutionProperties) = preSolution
		HideSolutionNode = FALSE
	EndGlobalSection
EndGlobal
